
Microsoft Visual Studio Solution File, Format Version 12.00
# Visual Studio Version 16
VisualStudioVersion = 16.0.30523.141
MinimumVisualStudioVersion = 10.0.40219.1
Project("{FAE04EC0-301F-11D3-BF4B-00C04F79EFBC}") = "presupuesto", "Presupuestos\presupuesto.csproj", "{2F4478BB-CCCA-4691-A441-0B08F772415B}"
EndProject
Global
	GlobalSection(SolutionConfigurationPlatforms) = preSolution
		Debug|Any CPU = Debug|Any CPU
		Release|Any CPU = Release|Any CPU
	EndGlobalSection
	GlobalSection(ProjectConfigurationPlatforms) = postSolution
		{2F4478BB-CCCA-4691-A441-0B08F772415B}.Debug|Any CPU.ActiveCfg = Debug|Any CPU
		{2F4478BB-CCCA-4691-A441-0B08F772415B}.Debug|Any CPU.Build.0 = Debug|Any CPU
		{2F4478BB-CCCA-4691-A441-0B08F772415B}.Release|Any CPU.ActiveCfg = Release|Any CPU
		{2F4478BB-CCCA-4691-A441-0B08F772415B}.Release|Any CPU.Build.0 = Release|Any CPU
	EndGlobalSection
	GlobalSection(SolutionProperties) = preSolution
		HideSolutionNode = FALSE
	EndGlobalSection
	GlobalSection(ExtensibilityGlobals) = postSolution
		SolutionGuid = {1982A666-B1EB-4FA7-A0AF-D37B8ACA473D}
	EndGlobalSection
EndGlobal
